
Microsoft Visual Studio Solution File, Format Version 12.00
# Visual Studio Version 17
VisualStudioVersion = 17.0.31903.59
MinimumVisualStudioVersion = 10.0.40219.1
Project("{2150E333-8FDC-42A3-9474-1A3956D46DE8}") = "src", "src", "{827E0CD3-B72D-47B6-A68D-7590B98EB39B}"
EndProject
Project("{FAE04EC0-301F-11D3-BF4B-00C04F79EFBC}") = "Adres.API", "src\Adres.API\Adres.API.csproj", "{F5F076EC-A3EC-4BF9-9991-96335BC73DAA}"
EndProject
Project("{FAE04EC0-301F-11D3-BF4B-00C04F79EFBC}") = "Adres.Application", "src\Adres.Application\Adres.Application.csproj", "{57C11DDA-BD5B-46C0-80CF-3B196E966ED6}"
EndProject
Project("{FAE04EC0-301F-11D3-BF4B-00C04F79EFBC}") = "Adres.Domain", "src\Adres.Domain\Adres.Domain.csproj", "{B446F92D-52F5-4C92-B835-9AAC896A732D}"
EndProject
Project("{FAE04EC0-301F-11D3-BF4B-00C04F79EFBC}") = "Adres.Infrastructure", "src\Adres.Infrastructure\Adres.Infrastructure.csproj", "{D47D23E5-067B-498D-B211-AFE940BEE08E}"
EndProject
Project("{2150E333-8FDC-42A3-9474-1A3956D46DE8}") = "tests", "tests", "{0AB3BF05-4346-4AA6-1389-037BE0695223}"
EndProject
Project("{FAE04EC0-301F-11D3-BF4B-00C04F79EFBC}") = "Adres.Tests", "tests\Adres.Tests\Adres.Tests.csproj", "{24DF0251-1C49-4886-AAA6-3C19CEC44D2F}"
EndProject
Global
	GlobalSection(SolutionConfigurationPlatforms) = preSolution
		Debug|Any CPU = Debug|Any CPU
		Debug|x64 = Debug|x64
		Debug|x86 = Debug|x86
		Release|Any CPU = Release|Any CPU
		Release|x64 = Release|x64
		Release|x86 = Release|x86
	EndGlobalSection
	GlobalSection(ProjectConfigurationPlatforms) = postSolution
		{F5F076EC-A3EC-4BF9-9991-96335BC73DAA}.Debug|Any CPU.ActiveCfg = Debug|Any CPU
		{F5F076EC-A3EC-4BF9-9991-96335BC73DAA}.Debug|Any CPU.Build.0 = Debug|Any CPU
		{F5F076EC-A3EC-4BF9-9991-96335BC73DAA}.Debug|x64.ActiveCfg = Debug|Any CPU
		{F5F076EC-A3EC-4BF9-9991-96335BC73DAA}.Debug|x64.Build.0 = Debug|Any CPU
		{F5F076EC-A3EC-4BF9-9991-96335BC73DAA}.Debug|x86.ActiveCfg = Debug|Any CPU
		{F5F076EC-A3EC-4BF9-9991-96335BC73DAA}.Debug|x86.Build.0 = Debug|Any CPU
		{F5F076EC-A3EC-4BF9-9991-96335BC73DAA}.Release|Any CPU.ActiveCfg = Release|Any CPU
		{F5F076EC-A3EC-4BF9-9991-96335BC73DAA}.Release|Any CPU.Build.0 = Release|Any CPU
		{F5F076EC-A3EC-4BF9-9991-96335BC73DAA}.Release|x64.ActiveCfg = Release|Any CPU
		{F5F076EC-A3EC-4BF9-9991-96335BC73DAA}.Release|x64.Build.0 = Release|Any CPU
		{F5F076EC-A3EC-4BF9-9991-96335BC73DAA}.Release|x86.ActiveCfg = Release|Any CPU
		{F5F076EC-A3EC-4BF9-9991-96335BC73DAA}.Release|x86.Build.0 = Release|Any CPU
		{57C11DDA-BD5B-46C0-80CF-3B196E966ED6}.Debug|Any CPU.ActiveCfg = Debug|Any CPU
		{57C11DDA-BD5B-46C0-80CF-3B196E966ED6}.Debug|Any CPU.Build.0 = Debug|Any CPU
		{57C11DDA-BD5B-46C0-80CF-3B196E966ED6}.Debug|x64.ActiveCfg = Debug|Any CPU
		{57C11DDA-BD5B-46C0-80CF-3B196E966ED6}.Debug|x64.Build.0 = Debug|Any CPU
		{57C11DDA-BD5B-46C0-80CF-3B196E966ED6}.Debug|x86.ActiveCfg = Debug|Any CPU
		{57C11DDA-BD5B-46C0-80CF-3B196E966ED6}.Debug|x86.Build.0 = Debug|Any CPU
		{57C11DDA-BD5B-46C0-80CF-3B196E966ED6}.Release|Any CPU.ActiveCfg = Release|Any CPU
		{57C11DDA-BD5B-46C0-80CF-3B196E966ED6}.Release|Any CPU.Build.0 = Release|Any CPU
		{57C11DDA-BD5B-46C0-80CF-3B196E966ED6}.Release|x64.ActiveCfg = Release|Any CPU
		{57C11DDA-BD5B-46C0-80CF-3B196E966ED6}.Release|x64.Build.0 = Release|Any CPU
		{57C11DDA-BD5B-46C0-80CF-3B196E966ED6}.Release|x86.ActiveCfg = Release|Any CPU
		{57C11DDA-BD5B-46C0-80CF-3B196E966ED6}.Release|x86.Build.0 = Release|Any CPU
		{B446F92D-52F5-4C92-B835-9AAC896A732D}.Debug|Any CPU.ActiveCfg = Debug|Any CPU
		{B446F92D-52F5-4C92-B835-9AAC896A732D}.Debug|Any CPU.Build.0 = Debug|Any CPU
		{B446F92D-52F5-4C92-B835-9AAC896A732D}.Debug|x64.ActiveCfg = Debug|Any CPU
		{B446F92D-52F5-4C92-B835-9AAC896A732D}.Debug|x64.Build.0 = Debug|Any CPU
		{B446F92D-52F5-4C92-B835-9AAC896A732D}.Debug|x86.ActiveCfg = Debug|Any CPU
		{B446F92D-52F5-4C92-B835-9AAC896A732D}.Debug|x86.Build.0 = Debug|Any CPU
		{B446F92D-52F5-4C92-B835-9AAC896A732D}.Release|Any CPU.ActiveCfg = Release|Any CPU
		{B446F92D-52F5-4C92-B835-9AAC896A732D}.Release|Any CPU.Build.0 = Release|Any CPU
		{B446F92D-52F5-4C92-B835-9AAC896A732D}.Release|x64.ActiveCfg = Release|Any CPU
		{B446F92D-52F5-4C92-B835-9AAC896A732D}.Release|x64.Build.0 = Release|Any CPU
		{B446F92D-52F5-4C92-B835-9AAC896A732D}.Release|x86.ActiveCfg = Release|Any CPU
		{B446F92D-52F5-4C92-B835-9AAC896A732D}.Release|x86.Build.0 = Release|Any CPU
		{D47D23E5-067B-498D-B211-AFE940BEE08E}.Debug|Any CPU.ActiveCfg = Debug|Any CPU
		{D47D23E5-067B-498D-B211-AFE940BEE08E}.Debug|Any CPU.Build.0 = Debug|Any CPU
		{D47D23E5-067B-498D-B211-AFE940BEE08E}.Debug|x64.ActiveCfg = Debug|Any CPU
		{D47D23E5-067B-498D-B211-AFE940BEE08E}.Debug|x64.Build.0 = Debug|Any CPU
		{D47D23E5-067B-498D-B211-AFE940BEE08E}.Debug|x86.ActiveCfg = Debug|Any CPU
		{D47D23E5-067B-498D-B211-AFE940BEE08E}.Debug|x86.Build.0 = Debug|Any CPU
		{D47D23E5-067B-498D-B211-AFE940BEE08E}.Release|Any CPU.ActiveCfg = Release|Any CPU
		{D47D23E5-067B-498D-B211-AFE940BEE08E}.Release|Any CPU.Build.0 = Release|Any CPU
		{D47D23E5-067B-498D-B211-AFE940BEE08E}.Release|x64.ActiveCfg = Release|Any CPU
		{D47D23E5-067B-498D-B211-AFE940BEE08E}.Release|x64.Build.0 = Release|Any CPU
		{D47D23E5-067B-498D-B211-AFE940BEE08E}.Release|x86.ActiveCfg = Release|Any CPU
		{D47D23E5-067B-498D-B211-AFE940BEE08E}.Release|x86.Build.0 = Release|Any CPU
		{24DF0251-1C49-4886-AAA6-3C19CEC44D2F}.Debug|Any CPU.ActiveCfg = Debug|Any CPU
		{24DF0251-1C49-4886-AAA6-3C19CEC44D2F}.Debug|Any CPU.Build.0 = Debug|Any CPU
		{24DF0251-1C49-4886-AAA6-3C19CEC44D2F}.Debug|x64.ActiveCfg = Debug|Any CPU
		{24DF0251-1C49-4886-AAA6-3C19CEC44D2F}.Debug|x64.Build.0 = Debug|Any CPU
		{24DF0251-1C49-4886-AAA6-3C19CEC44D2F}.Debug|x86.ActiveCfg = Debug|Any CPU
		{24DF0251-1C49-4886-AAA6-3C19CEC44D2F}.Debug|x86.Build.0 = Debug|Any CPU
		{24DF0251-1C49-4886-AAA6-3C19CEC44D2F}.Release|Any CPU.ActiveCfg = Release|Any CPU
		{24DF0251-1C49-4886-AAA6-3C19CEC44D2F}.Release|Any CPU.Build.0 = Release|Any CPU
		{24DF0251-1C49-4886-AAA6-3C19CEC44D2F}.Release|x64.ActiveCfg = Release|Any CPU
		{24DF0251-1C49-4886-AAA6-3C19CEC44D2F}.Release|x64.Build.0 = Release|Any CPU
		{24DF0251-1C49-4886-AAA6-3C19CEC44D2F}.Release|x86.ActiveCfg = Release|Any CPU
		{24DF0251-1C49-4886-AAA6-3C19CEC44D2F}.Release|x86.Build.0 = Release|Any CPU
	EndGlobalSection
	GlobalSection(SolutionProperties) = preSolution
		HideSolutionNode = FALSE
	EndGlobalSection
	GlobalSection(NestedProjects) = preSolution
		{F5F076EC-A3EC-4BF9-9991-96335BC73DAA} = {827E0CD3-B72D-47B6-A68D-7590B98EB39B}
		{57C11DDA-BD5B-46C0-80CF-3B196E966ED6} = {827E0CD3-B72D-47B6-A68D-7590B98EB39B}
		{B446F92D-52F5-4C92-B835-9AAC896A732D} = {827E0CD3-B72D-47B6-A68D-7590B98EB39B}
		{D47D23E5-067B-498D-B211-AFE940BEE08E} = {827E0CD3-B72D-47B6-A68D-7590B98EB39B}
		{24DF0251-1C49-4886-AAA6-3C19CEC44D2F} = {0AB3BF05-4346-4AA6-1389-037BE0695223}
	EndGlobalSection
EndGlobal
